// !$*UTF8*$!
{
	archiveVersion = 1;
	classes = {
	};
	objectVersion = 50;
	objects = {

/* Begin PBXBuildFile section */
		7F035A0B25D6EA3E000BC258 /* Tests_iOS.swift in Sources */ = {isa = PBXBuildFile; fileRef = 7F035A0A25D6EA3E000BC258 /* Tests_iOS.swift */; };
		7F035A1625D6EA3E000BC258 /* Tests_macOS.swift in Sources */ = {isa = PBXBuildFile; fileRef = 7F035A1525D6EA3E000BC258 /* Tests_macOS.swift */; };
		7F035A1825D6EA3E000BC258 /* quadratricFormulasApp.swift in Sources */ = {isa = PBXBuildFile; fileRef = 7F0359EF25D6EA3D000BC258 /* quadratricFormulasApp.swift */; };
		7F035A1925D6EA3E000BC258 /* quadratricFormulasApp.swift in Sources */ = {isa = PBXBuildFile; fileRef = 7F0359EF25D6EA3D000BC258 /* quadratricFormulasApp.swift */; };
		7F035A1A25D6EA3E000BC258 /* ContentView.swift in Sources */ = {isa = PBXBuildFile; fileRef = 7F0359F025D6EA3D000BC258 /* ContentView.swift */; };
		7F035A1B25D6EA3E000BC258 /* ContentView.swift in Sources */ = {isa = PBXBuildFile; fileRef = 7F0359F025D6EA3D000BC258 /* ContentView.swift */; };
		7F035A1C25D6EA3E000BC258 /* Assets.xcassets in Resources */ = {isa = PBXBuildFile; fileRef = 7F0359F125D6EA3E000BC258 /* Assets.xcassets */; };
		7F035A1D25D6EA3E000BC258 /* Assets.xcassets in Resources */ = {isa = PBXBuildFile; fileRef = 7F0359F125D6EA3E000BC258 /* Assets.xcassets */; };
/* End PBXBuildFile section */

/* Begin PBXContainerItemProxy section */
		7F035A0725D6EA3E000BC258 /* PBXContainerItemProxy */ = {
			isa = PBXContainerItemProxy;
			containerPortal = 7F0359EA25D6EA3D000BC258 /* Project object */;
			proxyType = 1;
			remoteGlobalIDString = 7F0359F525D6EA3E000BC258;
			remoteInfo = "quadratricFormulas (iOS)";
		};
		7F035A1225D6EA3E000BC258 /* PBXContainerItemProxy */ = {
			isa = PBXContainerItemProxy;
			containerPortal = 7F0359EA25D6EA3D000BC258 /* Project object */;
			proxyType = 1;
			remoteGlobalIDString = 7F0359FD25D6EA3E000BC258;
			remoteInfo = "quadratricFormulas (macOS)";
		};
/* End PBXContainerItemProxy section */

/* Begin PBXFileReference section */
		7F0359EF25D6EA3D000BC258 /* quadratricFormulasApp.swift */ = {isa = PBXFileReference; lastKnownFileType = sourcecode.swift; path = quadratricFormulasApp.swift; sourceTree = "<group>"; };
		7F0359F025D6EA3D000BC258 /* ContentView.swift */ = {isa = PBXFileReference; lastKnownFileType = sourcecode.swift; path = ContentView.swift; sourceTree = "<group>"; };
		7F0359F125D6EA3E000BC258 /* Assets.xcassets */ = {isa = PBXFileReference; lastKnownFileType = folder.assetcatalog; path = Assets.xcassets; sourceTree = "<group>"; };
		7F0359F625D6EA3E000BC258 /* quadratricFormulas.app */ = {isa = PBXFileReference; explicitFileType = wrapper.application; includeInIndex = 0; path = quadratricFormulas.app; sourceTree = BUILT_PRODUCTS_DIR; };
		7F0359F925D6EA3E000BC258 /* Info.plist */ = {isa = PBXFileReference; lastKnownFileType = text.plist.xml; path = Info.plist; sourceTree = "<group>"; };
		7F0359FE25D6EA3E000BC258 /* quadratricFormulas.app */ = {isa = PBXFileReference; explicitFileType = wrapper.application; includeInIndex = 0; path = quadratricFormulas.app; sourceTree = BUILT_PRODUCTS_DIR; };
		7F035A0025D6EA3E000BC258 /* Info.plist */ = {isa = PBXFileReference; lastKnownFileType = text.plist.xml; path = Info.plist; sourceTree = "<group>"; };
		7F035A0125D6EA3E000BC258 /* macOS.entitlements */ = {isa = PBXFileReference; lastKnownFileType = text.plist.entitlements; path = macOS.entitlements; sourceTree = "<group>"; };
		7F035A0625D6EA3E000BC258 /* Tests iOS.xctest */ = {isa = PBXFileReference; explicitFileType = wrapper.cfbundle; includeInIndex = 0; path = "Tests iOS.xctest"; sourceTree = BUILT_PRODUCTS_DIR; };
		7F035A0A25D6EA3E000BC258 /* Tests_iOS.swift */ = {isa = PBXFileReference; lastKnownFileType = sourcecode.swift; path = Tests_iOS.swift; sourceTree = "<group>"; };
		7F035A0C25D6EA3E000BC258 /* Info.plist */ = {isa = PBXFileReference; lastKnownFileType = text.plist.xml; path = Info.plist; sourceTree = "<group>"; };
		7F035A1125D6EA3E000BC258 /* Tests macOS.xctest */ = {isa = PBXFileReference; explicitFileType = wrapper.cfbundle; includeInIndex = 0; path = "Tests macOS.xctest"; sourceTree = BUILT_PRODUCTS_DIR; };
		7F035A1525D6EA3E000BC258 /* Tests_macOS.swift */ = {isa = PBXFileReference; lastKnownFileType = sourcecode.swift; path = Tests_macOS.swift; sourceTree = "<group>"; };
		7F035A1725D6EA3E000BC258 /* Info.plist */ = {isa = PBXFileReference; lastKnownFileType = text.plist.xml; path = Info.plist; sourceTree = "<group>"; };
/* End PBXFileReference section */

/* Begin PBXFrameworksBuildPhase section */
		7F0359F325D6EA3E000BC258 /* Frameworks */ = {
			isa = PBXFrameworksBuildPhase;
			buildActionMask = 2147483647;
			files = (
			);
			runOnlyForDeploymentPostprocessing = 0;
		};
		7F0359FB25D6EA3E000BC258 /* Frameworks */ = {
			isa = PBXFrameworksBuildPhase;
			buildActionMask = 2147483647;
			files = (
			);
			runOnlyForDeploymentPostprocessing = 0;
		};
		7F035A0325D6EA3E000BC258 /* Frameworks */ = {
			isa = PBXFrameworksBuildPhase;
			buildActionMask = 2147483647;
			files = (
			);
			runOnlyForDeploymentPostprocessing = 0;
		};
		7F035A0E25D6EA3E000BC258 /* Frameworks */ = {
			isa = PBXFrameworksBuildPhase;
			buildActionMask = 2147483647;
			files = (
			);
			runOnlyForDeploymentPostprocessing = 0;
		};
/* End PBXFrameworksBuildPhase section */

/* Begin PBXGroup section */
		7F0359E925D6EA3D000BC258 = {
			isa = PBXGroup;
			children = (
				7F0359EE25D6EA3D000BC258 /* Shared */,
				7F0359F825D6EA3E000BC258 /* iOS */,
				7F0359FF25D6EA3E000BC258 /* macOS */,
				7F035A0925D6EA3E000BC258 /* Tests iOS */,
				7F035A1425D6EA3E000BC258 /* Tests macOS */,
				7F0359F725D6EA3E000BC258 /* Products */,
			);
			sourceTree = "<group>";
		};
		7F0359EE25D6EA3D000BC258 /* Shared */ = {
			isa = PBXGroup;
			children = (
				7F0359EF25D6EA3D000BC258 /* quadratricFormulasApp.swift */,
				7F0359F025D6EA3D000BC258 /* ContentView.swift */,
				7F0359F125D6EA3E000BC258 /* Assets.xcassets */,
			);
			path = Shared;
			sourceTree = "<group>";
		};
		7F0359F725D6EA3E000BC258 /* Products */ = {
			isa = PBXGroup;
			children = (
				7F0359F625D6EA3E000BC258 /* quadratricFormulas.app */,
				7F0359FE25D6EA3E000BC258 /* quadratricFormulas.app */,
				7F035A0625D6EA3E000BC258 /* Tests iOS.xctest */,
				7F035A1125D6EA3E000BC258 /* Tests macOS.xctest */,
			);
			name = Products;
			sourceTree = "<group>";
		};
		7F0359F825D6EA3E000BC258 /* iOS */ = {
			isa = PBXGroup;
			children = (
				7F0359F925D6EA3E000BC258 /* Info.plist */,
			);
			path = iOS;
			sourceTree = "<group>";
		};
		7F0359FF25D6EA3E000BC258 /* macOS */ = {
			isa = PBXGroup;
			children = (
				7F035A0025D6EA3E000BC258 /* Info.plist */,
				7F035A0125D6EA3E000BC258 /* macOS.entitlements */,
			);
			path = macOS;
			sourceTree = "<group>";
		};
		7F035A0925D6EA3E000BC258 /* Tests iOS */ = {
			isa = PBXGroup;
			children = (
				7F035A0A25D6EA3E000BC258 /* Tests_iOS.swift */,
				7F035A0C25D6EA3E000BC258 /* Info.plist */,
			);
			path = "Tests iOS";
			sourceTree = "<group>";
		};
		7F035A1425D6EA3E000BC258 /* Tests macOS */ = {
			isa = PBXGroup;
			children = (
				7F035A1525D6EA3E000BC258 /* Tests_macOS.swift */,
				7F035A1725D6EA3E000BC258 /* Info.plist */,
			);
			path = "Tests macOS";
			sourceTree = "<group>";
		};
/* End PBXGroup section */

/* Begin PBXNativeTarget section */
		7F0359F525D6EA3E000BC258 /* quadratricFormulas (iOS) */ = {
			isa = PBXNativeTarget;
			buildConfigurationList = 7F035A2025D6EA3E000BC258 /* Build configuration list for PBXNativeTarget "quadratricFormulas (iOS)" */;
			buildPhases = (
				7F0359F225D6EA3E000BC258 /* Sources */,
				7F0359F325D6EA3E000BC258 /* Frameworks */,
				7F0359F425D6EA3E000BC258 /* Resources */,
			);
			buildRules = (
			);
			dependencies = (
			);
			name = "quadratricFormulas (iOS)";
			productName = "quadratricFormulas (iOS)";
			productReference = 7F0359F625D6EA3E000BC258 /* quadratricFormulas.app */;
			productType = "com.apple.product-type.application";
		};
		7F0359FD25D6EA3E000BC258 /* quadratricFormulas (macOS) */ = {
			isa = PBXNativeTarget;
			buildConfigurationList = 7F035A2325D6EA3E000BC258 /* Build configuration list for PBXNativeTarget "quadratricFormulas (macOS)" */;
			buildPhases = (
				7F0359FA25D6EA3E000BC258 /* Sources */,
				7F0359FB25D6EA3E000BC258 /* Frameworks */,
				7F0359FC25D6EA3E000BC258 /* Resources */,
			);
			buildRules = (
			);
			dependencies = (
			);
			name = "quadratricFormulas (macOS)";
			productName = "quadratricFormulas (macOS)";
			productReference = 7F0359FE25D6EA3E000BC258 /* quadratricFormulas.app */;
			productType = "com.apple.product-type.application";
		};
		7F035A0525D6EA3E000BC258 /* Tests iOS */ = {
			isa = PBXNativeTarget;
			buildConfigurationList = 7F035A2625D6EA3E000BC258 /* Build configuration list for PBXNativeTarget "Tests iOS" */;
			buildPhases = (
				7F035A0225D6EA3E000BC258 /* Sources */,
				7F035A0325D6EA3E000BC258 /* Frameworks */,
				7F035A0425D6EA3E000BC258 /* Resources */,
			);
			buildRules = (
			);
			dependencies = (
				7F035A0825D6EA3E000BC258 /* PBXTargetDependency */,
			);
			name = "Tests iOS";
			productName = "Tests iOS";
			productReference = 7F035A0625D6EA3E000BC258 /* Tests iOS.xctest */;
			productType = "com.apple.product-type.bundle.ui-testing";
		};
		7F035A1025D6EA3E000BC258 /* Tests macOS */ = {
			isa = PBXNativeTarget;
			buildConfigurationList = 7F035A2925D6EA3E000BC258 /* Build configuration list for PBXNativeTarget "Tests macOS" */;
			buildPhases = (
				7F035A0D25D6EA3E000BC258 /* Sources */,
				7F035A0E25D6EA3E000BC258 /* Frameworks */,
				7F035A0F25D6EA3E000BC258 /* Resources */,
			);
			buildRules = (
			);
			dependencies = (
				7F035A1325D6EA3E000BC258 /* PBXTargetDependency */,
			);
			name = "Tests macOS";
			productName = "Tests macOS";
			productReference = 7F035A1125D6EA3E000BC258 /* Tests macOS.xctest */;
			productType = "com.apple.product-type.bundle.ui-testing";
		};
/* End PBXNativeTarget section */

/* Begin PBXProject section */
		7F0359EA25D6EA3D000BC258 /* Project object */ = {
			isa = PBXProject;
			attributes = {
				LastSwiftUpdateCheck = 1240;
				LastUpgradeCheck = 1240;
				TargetAttributes = {
					7F0359F525D6EA3E000BC258 = {
						CreatedOnToolsVersion = 12.4;
					};
					7F0359FD25D6EA3E000BC258 = {
						CreatedOnToolsVersion = 12.4;
					};
					7F035A0525D6EA3E000BC258 = {
						CreatedOnToolsVersion = 12.4;
						TestTargetID = 7F0359F525D6EA3E000BC258;
					};
					7F035A1025D6EA3E000BC258 = {
						CreatedOnToolsVersion = 12.4;
						TestTargetID = 7F0359FD25D6EA3E000BC258;
					};
				};
			};
			buildConfigurationList = 7F0359ED25D6EA3D000BC258 /* Build configuration list for PBXProject "quadratricFormulas" */;
			compatibilityVersion = "Xcode 9.3";
			developmentRegion = en;
			hasScannedForEncodings = 0;
			knownRegions = (
				en,
				Base,
			);
			mainGroup = 7F0359E925D6EA3D000BC258;
			productRefGroup = 7F0359F725D6EA3E000BC258 /* Products */;
			projectDirPath = "";
			projectRoot = "";
			targets = (
				7F0359F525D6EA3E000BC258 /* quadratricFormulas (iOS) */,
				7F0359FD25D6EA3E000BC258 /* quadratricFormulas (macOS) */,
				7F035A0525D6EA3E000BC258 /* Tests iOS */,
				7F035A1025D6EA3E000BC258 /* Tests macOS */,
			);
		};
/* End PBXProject section */

/* Begin PBXResourcesBuildPhase section */
		7F0359F425D6EA3E000BC258 /* Resources */ = {
			isa = PBXResourcesBuildPhase;
			buildActionMask = 2147483647;
			files = (
				7F035A1C25D6EA3E000BC258 /* Assets.xcassets in Resources */,
			);
			runOnlyForDeploymentPostprocessing = 0;
		};
		7F0359FC25D6EA3E000BC258 /* Resources */ = {
			isa = PBXResourcesBuildPhase;
			buildActionMask = 2147483647;
			files = (
				7F035A1D25D6EA3E000BC258 /* Assets.xcassets in Resources */,
			);
			runOnlyForDeploymentPostprocessing = 0;
		};
		7F035A0425D6EA3E000BC258 /* Resources */ = {
			isa = PBXResourcesBuildPhase;
			buildActionMask = 2147483647;
			files = (
			);
			runOnlyForDeploymentPostprocessing = 0;
		};
		7F035A0F25D6EA3E000BC258 /* Resources */ = {
			isa = PBXResourcesBuildPhase;
			buildActionMask = 2147483647;
			files = (
			);
			runOnlyForDeploymentPostprocessing = 0;
		};
/* End PBXResourcesBuildPhase section */

/* Begin PBXSourcesBuildPhase section */
		7F0359F225D6EA3E000BC258 /* Sources */ = {
			isa = PBXSourcesBuildPhase;
			buildActionMask = 2147483647;
			files = (
				7F035A1A25D6EA3E000BC258 /* ContentView.swift in Sources */,
				7F035A1825D6EA3E000BC258 /* quadratricFormulasApp.swift in Sources */,
			);
			runOnlyForDeploymentPostprocessing = 0;
		};
		7F0359FA25D6EA3E000BC258 /* Sources */ = {
			isa = PBXSourcesBuildPhase;
			buildActionMask = 2147483647;
			files = (
				7F035A1B25D6EA3E000BC258 /* ContentView.swift in Sources */,
				7F035A1925D6EA3E000BC258 /* quadratricFormulasApp.swift in Sources */,
			);
			runOnlyForDeploymentPostprocessing = 0;
		};
		7F035A0225D6EA3E000BC258 /* Sources */ = {
			isa = PBXSourcesBuildPhase;
			buildActionMask = 2147483647;
			files = (
				7F035A0B25D6EA3E000BC258 /* Tests_iOS.swift in Sources */,
			);
			runOnlyForDeploymentPostprocessing = 0;
		};
		7F035A0D25D6EA3E000BC258 /* Sources */ = {
			isa = PBXSourcesBuildPhase;
			buildActionMask = 2147483647;
			files = (
				7F035A1625D6EA3E000BC258 /* Tests_macOS.swift in Sources */,
			);
			runOnlyForDeploymentPostprocessing = 0;
		};
/* End PBXSourcesBuildPhase section */

/* Begin PBXTargetDependency section */
		7F035A0825D6EA3E000BC258 /* PBXTargetDependency */ = {
			isa = PBXTargetDependency;
			target = 7F0359F525D6EA3E000BC258 /* quadratricFormulas (iOS) */;
			targetProxy = 7F035A0725D6EA3E000BC258 /* PBXContainerItemProxy */;
		};
		7F035A1325D6EA3E000BC258 /* PBXTargetDependency */ = {
			isa = PBXTargetDependency;
			target = 7F0359FD25D6EA3E000BC258 /* quadratricFormulas (macOS) */;
			targetProxy = 7F035A1225D6EA3E000BC258 /* PBXContainerItemProxy */;
		};
/* End PBXTargetDependency section */

/* Begin XCBuildConfiguration section */
		7F035A1E25D6EA3E000BC258 /* Debug */ = {
			isa = XCBuildConfiguration;
			buildSettings = {
				ALWAYS_SEARCH_USER_PATHS = NO;
				CLANG_ANALYZER_NONNULL = YES;
				CLANG_ANALYZER_NUMBER_OBJECT_CONVERSION = YES_AGGRESSIVE;
				CLANG_CXX_LANGUAGE_STANDARD = "gnu++14";
				CLANG_CXX_LIBRARY = "libc++";
				CLANG_ENABLE_MODULES = YES;
				CLANG_ENABLE_OBJC_ARC = YES;
				CLANG_ENABLE_OBJC_WEAK = YES;
				CLANG_WARN_BLOCK_CAPTURE_AUTORELEASING = YES;
				CLANG_WARN_BOOL_CONVERSION = YES;
				CLANG_WARN_COMMA = YES;
				CLANG_WARN_CONSTANT_CONVERSION = YES;
				CLANG_WARN_DEPRECATED_OBJC_IMPLEMENTATIONS = YES;
				CLANG_WARN_DIRECT_OBJC_ISA_USAGE = YES_ERROR;
				CLANG_WARN_DOCUMENTATION_COMMENTS = YES;
				CLANG_WARN_EMPTY_BODY = YES;
				CLANG_WARN_ENUM_CONVERSION = YES;
				CLANG_WARN_INFINITE_RECURSION = YES;
				CLANG_WARN_INT_CONVERSION = YES;
				CLANG_WARN_NON_LITERAL_NULL_CONVERSION = YES;
				CLANG_WARN_OBJC_IMPLICIT_RETAIN_SELF = YES;
				CLANG_WARN_OBJC_LITERAL_CONVERSION = YES;
				CLANG_WARN_OBJC_ROOT_CLASS = YES_ERROR;
				CLANG_WARN_QUOTED_INCLUDE_IN_FRAMEWORK_HEADER = YES;
				CLANG_WARN_RANGE_LOOP_ANALYSIS = YES;
				CLANG_WARN_STRICT_PROTOTYPES = YES;
				CLANG_WARN_SUSPICIOUS_MOVE = YES;
				CLANG_WARN_UNGUARDED_AVAILABILITY = YES_AGGRESSIVE;
				CLANG_WARN_UNREACHABLE_CODE = YES;
				CLANG_WARN__DUPLICATE_METHOD_MATCH = YES;
				COPY_PHASE_STRIP = NO;
				DEBUG_INFORMATION_FORMAT = dwarf;
				ENABLE_STRICT_OBJC_MSGSEND = YES;
				ENABLE_TESTABILITY = YES;
				GCC_C_LANGUAGE_STANDARD = gnu11;
				GCC_DYNAMIC_NO_PIC = NO;
				GCC_NO_COMMON_BLOCKS = YES;
				GCC_OPTIMIZATION_LEVEL = 0;
				GCC_PREPROCESSOR_DEFINITIONS = (
					"DEBUG=1",
					"$(inherited)",
				);
				GCC_WARN_64_TO_32_BIT_CONVERSION = YES;
				GCC_WARN_ABOUT_RETURN_TYPE = YES_ERROR;
				GCC_WARN_UNDECLARED_SELECTOR = YES;
				GCC_WARN_UNINITIALIZED_AUTOS = YES_AGGRESSIVE;
				GCC_WARN_UNUSED_FUNCTION = YES;
				GCC_WARN_UNUSED_VARIABLE = YES;
				MTL_ENABLE_DEBUG_INFO = INCLUDE_SOURCE;
				MTL_FAST_MATH = YES;
				ONLY_ACTIVE_ARCH = YES;
				SWIFT_ACTIVE_COMPILATION_CONDITIONS = DEBUG;
				SWIFT_OPTIMIZATION_LEVEL = "-Onone";
			};
			name = Debug;
		};
		7F035A1F25D6EA3E000BC258 /* Release */ = {
			isa = XCBuildConfiguration;
			buildSettings = {
				ALWAYS_SEARCH_USER_PATHS = NO;
				CLANG_ANALYZER_NONNULL = YES;
				CLANG_ANALYZER_NUMBER_OBJECT_CONVERSION = YES_AGGRESSIVE;
				CLANG_CXX_LANGUAGE_STANDARD = "gnu++14";
				CLANG_CXX_LIBRARY = "libc++";
				CLANG_ENABLE_MODULES = YES;
				CLANG_ENABLE_OBJC_ARC = YES;
				CLANG_ENABLE_OBJC_WEAK = YES;
				CLANG_WARN_BLOCK_CAPTURE_AUTORELEASING = YES;
				CLANG_WARN_BOOL_CONVERSION = YES;
				CLANG_WARN_COMMA = YES;
				CLANG_WARN_CONSTANT_CONVERSION = YES;
				CLANG_WARN_DEPRECATED_OBJC_IMPLEMENTATIONS = YES;
				CLANG_WARN_DIRECT_OBJC_ISA_USAGE = YES_ERROR;
				CLANG_WARN_DOCUMENTATION_COMMENTS = YES;
				CLANG_WARN_EMPTY_BODY = YES;
				CLANG_WARN_ENUM_CONVERSION = YES;
				CLANG_WARN_INFINITE_RECURSION = YES;
				CLANG_WARN_INT_CONVERSION = YES;
				CLANG_WARN_NON_LITERAL_NULL_CONVERSION = YES;
				CLANG_WARN_OBJC_IMPLICIT_RETAIN_SELF = YES;
				CLANG_WARN_OBJC_LITERAL_CONVERSION = YES;
				CLANG_WARN_OBJC_ROOT_CLASS = YES_ERROR;
				CLANG_WARN_QUOTED_INCLUDE_IN_FRAMEWORK_HEADER = YES;
				CLANG_WARN_RANGE_LOOP_ANALYSIS = YES;
				CLANG_WARN_STRICT_PROTOTYPES = YES;
				CLANG_WARN_SUSPICIOUS_MOVE = YES;
				CLANG_WARN_UNGUARDED_AVAILABILITY = YES_AGGRESSIVE;
				CLANG_WARN_UNREACHABLE_CODE = YES;
				CLANG_WARN__DUPLICATE_METHOD_MATCH = YES;
				COPY_PHASE_STRIP = NO;
				DEBUG_INFORMATION_FORMAT = "dwarf-with-dsym";
				ENABLE_NS_ASSERTIONS = NO;
				ENABLE_STRICT_OBJC_MSGSEND = YES;
				GCC_C_LANGUAGE_STANDARD = gnu11;
				GCC_NO_COMMON_BLOCKS = YES;
				GCC_WARN_64_TO_32_BIT_CONVERSION = YES;
				GCC_WARN_ABOUT_RETURN_TYPE = YES_ERROR;
				GCC_WARN_UNDECLARED_SELECTOR = YES;
				GCC_WARN_UNINITIALIZED_AUTOS = YES_AGGRESSIVE;
				GCC_WARN_UNUSED_FUNCTION = YES;
				GCC_WARN_UNUSED_VARIABLE = YES;
				MTL_ENABLE_DEBUG_INFO = NO;
				MTL_FAST_MATH = YES;
				SWIFT_COMPILATION_MODE = wholemodule;
				SWIFT_OPTIMIZATION_LEVEL = "-O";
			};
			name = Release;
		};
		7F035A2125D6EA3E000BC258 /* Debug */ = {
			isa = XCBuildConfiguration;
			buildSettings = {
				ASSETCATALOG_COMPILER_APPICON_NAME = AppIcon;
				ASSETCATALOG_COMPILER_GLOBAL_ACCENT_COLOR_NAME = AccentColor;
				CODE_SIGN_STYLE = Automatic;
				DEVELOPMENT_TEAM = 3FRW7Z34LU;
				ENABLE_PREVIEWS = YES;
				INFOPLIST_FILE = iOS/Info.plist;
				IPHONEOS_DEPLOYMENT_TARGET = 14.0;
				LD_RUNPATH_SEARCH_PATHS = (
					"$(inherited)",
					"@executable_path/Frameworks",
				);
				PRODUCT_BUNDLE_IDENTIFIER = com.MAiit.quadratricFormulas;
				PRODUCT_NAME = quadratricFormulas;
				SDKROOT = iphoneos;
				SWIFT_VERSION = 5.0;
				TARGETED_DEVICE_FAMILY = "1,2";
			};
			name = Debug;
		};
		7F035A2225D6EA3E000BC258 /* Release */ = {
			isa = XCBuildConfiguration;
			buildSettings = {
				ASSETCATALOG_COMPILER_APPICON_NAME = AppIcon;
				ASSETCATALOG_COMPILER_GLOBAL_ACCENT_COLOR_NAME = AccentColor;
				CODE_SIGN_STYLE = Automatic;
				DEVELOPMENT_TEAM = 3FRW7Z34LU;
				ENABLE_PREVIEWS = YES;
				INFOPLIST_FILE = iOS/Info.plist;
				IPHONEOS_DEPLOYMENT_TARGET = 14.0;
				LD_RUNPATH_SEARCH_PATHS = (
					"$(inherited)",
					"@executable_path/Frameworks",
				);
				PRODUCT_BUNDLE_IDENTIFIER = com.MAiit.quadratricFormulas;
				PRODUCT_NAME = quadratricFormulas;
				SDKROOT = iphoneos;
				SWIFT_VERSION = 5.0;
				TARGETED_DEVICE_FAMILY = "1,2";
				VALIDATE_PRODUCT = YES;
			};
			name = Release;
		};
		7F035A2425D6EA3E000BC258 /* Debug */ = {
			isa = XCBuildConfiguration;
			buildSettings = {
				ASSETCATALOG_COMPILER_APPICON_NAME = AppIcon;
				ASSETCATALOG_COMPILER_GLOBAL_ACCENT_COLOR_NAME = AccentColor;
				CODE_SIGN_ENTITLEMENTS = macOS/macOS.entitlements;
				CODE_SIGN_STYLE = Automatic;
				COMBINE_HIDPI_IMAGES = YES;
				DEVELOPMENT_TEAM = 3FRW7Z34LU;
				ENABLE_HARDENED_RUNTIME = YES;
				ENABLE_PREVIEWS = YES;
				INFOPLIST_FILE = macOS/Info.plist;
				LD_RUNPATH_SEARCH_PATHS = (
					"$(inherited)",
					"@executable_path/../Frameworks",
				);
				MACOSX_DEPLOYMENT_TARGET = 11.0;
				PRODUCT_BUNDLE_IDENTIFIER = com.MAiit.quadratricFormulas;
				PRODUCT_NAME = quadratricFormulas;
				SDKROOT = macosx;
				SWIFT_VERSION = 5.0;
			};
			name = Debug;
		};
		7F035A2525D6EA3E000BC258 /* Release */ = {
			isa = XCBuildConfiguration;
			buildSettings = {
				ASSETCATALOG_COMPILER_APPICON_NAME = AppIcon;
				ASSETCATALOG_COMPILER_GLOBAL_ACCENT_COLOR_NAME = AccentColor;
				CODE_SIGN_ENTITLEMENTS = macOS/macOS.entitlements;
				CODE_SIGN_STYLE = Automatic;
				COMBINE_HIDPI_IMAGES = YES;
				DEVELOPMENT_TEAM = 3FRW7Z34LU;
				ENABLE_HARDENED_RUNTIME = YES;
				ENABLE_PREVIEWS = YES;
				INFOPLIST_FILE = macOS/Info.plist;
				LD_RUNPATH_SEARCH_PATHS = (
					"$(inherited)",
					"@executable_path/../Frameworks",
				);
				MACOSX_DEPLOYMENT_TARGET = 11.0;
				PRODUCT_BUNDLE_IDENTIFIER = com.MAiit.quadratricFormulas;
				PRODUCT_NAME = quadratricFormulas;
				SDKROOT = macosx;
				SWIFT_VERSION = 5.0;
			};
			name = Release;
		};
		7F035A2725D6EA3E000BC258 /* Debug */ = {
			isa = XCBuildConfiguration;
			buildSettings = {
				ALWAYS_EMBED_SWIFT_STANDARD_LIBRARIES = YES;
				CODE_SIGN_STYLE = Automatic;
				DEVELOPMENT_TEAM = 3FRW7Z34LU;
				INFOPLIST_FILE = "Tests iOS/Info.plist";
				IPHONEOS_DEPLOYMENT_TARGET = 14.4;
				LD_RUNPATH_SEARCH_PATHS = (
					"$(inherited)",
					"@executable_path/Frameworks",
					"@loader_path/Frameworks",
				);
				PRODUCT_BUNDLE_IDENTIFIER = "com.MAiit.Tests-iOS";
				PRODUCT_NAME = "$(TARGET_NAME)";
				SDKROOT = iphoneos;
				SWIFT_VERSION = 5.0;
				TARGETED_DEVICE_FAMILY = "1,2";
				TEST_TARGET_NAME = "quadratricFormulas (iOS)";
			};
			name = Debug;
		};
		7F035A2825D6EA3E000BC258 /* Release */ = {
			isa = XCBuildConfiguration;
			buildSettings = {
				ALWAYS_EMBED_SWIFT_STANDARD_LIBRARIES = YES;
				CODE_SIGN_STYLE = Automatic;
				DEVELOPMENT_TEAM = 3FRW7Z34LU;
				INFOPLIST_FILE = "Tests iOS/Info.plist";
				IPHONEOS_DEPLOYMENT_TARGET = 14.4;
				LD_RUNPATH_SEARCH_PATHS = (
					"$(inherited)",
					"@executable_path/Frameworks",
					"@loader_path/Frameworks",
				);
				PRODUCT_BUNDLE_IDENTIFIER = "com.MAiit.Tests-iOS";
				PRODUCT_NAME = "$(TARGET_NAME)";
				SDKROOT = iphoneos;
				SWIFT_VERSION = 5.0;
				TARGETED_DEVICE_FAMILY = "1,2";
				TEST_TARGET_NAME = "quadratricFormulas (iOS)";
				VALIDATE_PRODUCT = YES;
			};
			name = Release;
		};
		7F035A2A25D6EA3E000BC258 /* Debug */ = {
			isa = XCBuildConfiguration;
			buildSettings = {
				ALWAYS_EMBED_SWIFT_STANDARD_LIBRARIES = YES;
				CODE_SIGN_STYLE = Automatic;
				COMBINE_HIDPI_IMAGES = YES;
				DEVELOPMENT_TEAM = 3FRW7Z34LU;
				INFOPLIST_FILE = "Tests macOS/Info.plist";
				LD_RUNPATH_SEARCH_PATHS = (
					"$(inherited)",
					"@executable_path/../Frameworks",
					"@loader_path/../Frameworks",
				);
				MACOSX_DEPLOYMENT_TARGET = 11.1;
				PRODUCT_BUNDLE_IDENTIFIER = "com.MAiit.Tests-macOS";
				PRODUCT_NAME = "$(TARGET_NAME)";
				SDKROOT = macosx;
				SWIFT_VERSION = 5.0;
				TEST_TARGET_NAME = "quadratricFormulas (macOS)";
			};
			name = Debug;
		};
		7F035A2B25D6EA3E000BC258 /* Release */ = {
			isa = XCBuildConfiguration;
			buildSettings = {
				ALWAYS_EMBED_SWIFT_STANDARD_LIBRARIES = YES;
				CODE_SIGN_STYLE = Automatic;
				COMBINE_HIDPI_IMAGES = YES;
				DEVELOPMENT_TEAM = 3FRW7Z34LU;
				INFOPLIST_FILE = "Tests macOS/Info.plist";
				LD_RUNPATH_SEARCH_PATHS = (
					"$(inherited)",
					"@executable_path/../Frameworks",
					"@loader_path/../Frameworks",
				);
				MACOSX_DEPLOYMENT_TARGET = 11.1;
				PRODUCT_BUNDLE_IDENTIFIER = "com.MAiit.Tests-macOS";
				PRODUCT_NAME = "$(TARGET_NAME)";
				SDKROOT = macosx;
				SWIFT_VERSION = 5.0;
				TEST_TARGET_NAME = "quadratricFormulas (macOS)";
			};
			name = Release;
		};
/* End XCBuildConfiguration section */

/* Begin XCConfigurationList section */
		7F0359ED25D6EA3D000BC258 /* Build configuration list for PBXProject "quadratricFormulas" */ = {
			isa = XCConfigurationList;
			buildConfigurations = (
				7F035A1E25D6EA3E000BC258 /* Debug */,
				7F035A1F25D6EA3E000BC258 /* Release */,
			);
			defaultConfigurationIsVisible = 0;
			defaultConfigurationName = Release;
		};
		7F035A2025D6EA3E000BC258 /* Build configuration list for PBXNativeTarget "quadratricFormulas (iOS)" */ = {
			isa = XCConfigurationList;
			buildConfigurations = (
				7F035A2125D6EA3E000BC258 /* Debug */,
				7F035A2225D6EA3E000BC258 /* Release */,
			);
			defaultConfigurationIsVisible = 0;
			defaultConfigurationName = Release;
		};
		7F035A2325D6EA3E000BC258 /* Build configuration list for PBXNativeTarget "quadratricFormulas (macOS)" */ = {
			isa = XCConfigurationList;
			buildConfigurations = (
				7F035A2425D6EA3E000BC258 /* Debug */,
				7F035A2525D6EA3E000BC258 /* Release */,
			);
			defaultConfigurationIsVisible = 0;
			defaultConfigurationName = Release;
		};
		7F035A2625D6EA3E000BC258 /* Build configuration list for PBXNativeTarget "Tests iOS" */ = {
			isa = XCConfigurationList;
			buildConfigurations = (
				7F035A2725D6EA3E000BC258 /* Debug */,
				7F035A2825D6EA3E000BC258 /* Release */,
			);
			defaultConfigurationIsVisible = 0;
			defaultConfigurationName = Release;
		};
		7F035A2925D6EA3E000BC258 /* Build configuration list for PBXNativeTarget "Tests macOS" */ = {
			isa = XCConfigurationList;
			buildConfigurations = (
				7F035A2A25D6EA3E000BC258 /* Debug */,
				7F035A2B25D6EA3E000BC258 /* Release */,
			);
			defaultConfigurationIsVisible = 0;
			defaultConfigurationName = Release;
		};
/* End XCConfigurationList section */
	};
	rootObject = 7F0359EA25D6EA3D000BC258 /* Project object */;
}
